PODS:
  - Alamofire (4.0.1)
  - AlamofireImage (3.1.0):
    - Alamofire (~> 4.0)
  - Genome (3.0.2):
    - Genome/Default (= 3.0.2)
  - Genome/Core (3.0.2):
    - Genome/Packages
  - Genome/Default (3.0.2):
    - Genome/Core
    - Genome/Foundation
  - Genome/Foundation (3.0.2):
    - Genome/Core
  - Genome/Packages (3.0.2)

DEPENDENCIES:
  - Alamofire
  - AlamofireImage
  - Genome

SPEC CHECKSUMS:
  Alamofire: 7682d43245de14874acd142ec137b144aa1dd335
  AlamofireImage: bb8c8351c51cb1633bb6be69b6dbbaff37ce65b7
  Genome: 44584c1e971899a5a4b20ee87faee452a5f1ac1a

PODFILE CHECKSUM: 8c26c86ecb8092d7b2a7ab435c8c73c90db1d95d

COCOAPODS: 1.1.1
