PODS:
  - Alamofire (4.0.1)
  - Genome (3.0.2):
    - Genome/Default (= 3.0.2)
  - Genome/Core (3.0.2):
    - Genome/Packages
  - Genome/Default (3.0.2):
    - Genome/Core
    - Genome/Foundation
  - Genome/Foundation (3.0.2):
    - Genome/Core
  - Genome/Packages (3.0.2)

DEPENDENCIES:
  - Alamofire
  - Genome

SPEC CHECKSUMS:
  Alamofire: 7682d43245de14874acd142ec137b144aa1dd335
  Genome: 44584c1e971899a5a4b20ee87faee452a5f1ac1a

PODFILE CHECKSUM: b6494110defaaae1de626c5d2adf45b874b19873

COCOAPODS: 1.1.0.rc.2
